PODS:
  - FlurrySDK (5.4.0):
    - FlurrySDK/FlurrySDK
  - FlurrySDK/FlurrySDK (5.4.0)
  - GoogleAnalytics-iOS-SDK (3.0.9)
  - LIVBubbleMenu (1.1.0):
    - pop (~> 1.0.7)
  - MFSideMenu (0.5.5)
  - pop (1.0.7)
  - THPinViewController (1.1.2)
  - UIView+draggable (0.2)

DEPENDENCIES:
  - FlurrySDK (~> 5.1)
  - GoogleAnalytics-iOS-SDK (~> 3.0)
  - LIVBubbleMenu (~> 1.1)
  - MFSideMenu
  - THPinViewController (~> 1.1.2)
  - UIView+draggable

SPEC CHECKSUMS:
  FlurrySDK: 7f929b68dea38ce735979fb039229f62c0b697b5
  GoogleAnalytics-iOS-SDK: 3b0994bef22ed2e176a9e2a4d1660c7c2542eb47
  LIVBubbleMenu: 1bcaa61ac0379e32e88bb40a382f135717276c30
  MFSideMenu: 268122e6894f2747fc3a2b48578100b232506c60
  pop: 628ffc631644601567ee8bfaaaea493ebd7d0923
  THPinViewController: 3c498ac30e4736d9450fc86f83ded0d7abe8b6f0
  UIView+draggable: 086590804d79deb07b661ad449d3a317bca1ccab

COCOAPODS: 0.34.2
