PODS:
  - FlurrySDK (5.4.0):
    - FlurrySDK/FlurrySDK
  - FlurrySDK/FlurrySDK (5.4.0)
  - GoogleAnalytics-iOS-SDK (3.0.9)
  - THPinViewController (1.1.2)
  - UIView+draggable (0.2)

DEPENDENCIES:
  - FlurrySDK (~> 5.1)
  - GoogleAnalytics-iOS-SDK (~> 3.0)
  - THPinViewController (~> 1.1.2)
  - UIView+draggable

SPEC CHECKSUMS:
  FlurrySDK: bed9e5598353f867508d164795a451e3ada92cb6
  GoogleAnalytics-iOS-SDK: d9e198b1f955259a72886769be7377cdfcdb2250
  THPinViewController: 1a054e6854fe3a3ae6919fc8f4954a15fe1467b1
  UIView+draggable: ad1c3a0f862aca1923c45c3e05d68c7852014436

COCOAPODS: 0.33.1
